github.com/diamondburned/gotk4/pkg v0.0.5 h1:1NOpwNttT63zJdRItwf79ZyX6Bw2bkv8+YjfZCUevcc=
github.com/diamondburned/gotk4/pkg v0.0.5/go.mod h1:Jr5xzUuGyLsoMtE9LzE/Lay1gD0ONiFWAmQ0+Z6KLeA=
github.com/dlasky/gotk3-layershell v0.0.0-20221218201547-1f6674a3f872 h1:16qcNl+UgbvudN7wPv+zq4mmDSYJWdLv5jbVhS7+OVI=
github.com/dlasky/gotk3-layershell v0.0.0-20221218201547-1f6674a3f872/go.mod h1:JHLx2Wz4mAPVwn4PFhC69ydwyHP4A3wQvlg7HKVVc1U=
github.com/gotk3/gotk3 v0.6.1 h1:GJ400a0ecEEWrzjBvzBzH+pB/esEMIGdB9zPSmBdoeo=
github.com/gotk3/gotk3 v0.6.1/go.mod h1:/hqFpkNa9T3JgNAE2fLvCdov7c5bw//FHNZrZ3Uv9/Q=
go4.org/unsafe/assume-no-moving-gc v0.0.0-20230221090011-e4bae7ad2296 h1:QJ/xcIANMLApehfgPCHnfK1hZiaMmbaTVmPv7DAoTbo=
go4.org/unsafe/assume-no-moving-gc v0.0.0-20230221090011-e4bae7ad2296/go.mod h1:FftLjUGFEDu5k8lt0ddY+HcrH/qU/0qk+H8j9/nTl3E=
golang.org/x/sync v0.0.0-20210220032951-036812b2e83c h1:5KslGYwFpkhGh+Q16bwMP3cOontH8FOep7tGV86Y7SQ=
golang.org/x/sync v0.0.0-20210220032951-036812b2e83c/go.mod h1:RxMgew5VJxzue5/jJTE5uejpjVlOe/izrB70Jof72aM=
